
Microsoft Visual Studio Solution File, Format Version 12.00
# Visual Studio Version 16
VisualStudioVersion = 16.0.30907.101
MinimumVisualStudioVersion = 10.0.40219.1
Project("{FAE04EC0-301F-11D3-BF4B-00C04F79EFBC}") = "DictionaryExample", "DictionaryExample\DictionaryExample.csproj", "{FCB0FD7C-4D0C-40B5-A4E5-445C04E3C245}"
EndProject
Global
	GlobalSection(SolutionConfigurationPlatforms) = preSolution
		Debug|Any CPU = Debug|Any CPU
		Release|Any CPU = Release|Any CPU
	EndGlobalSection
	GlobalSection(ProjectConfigurationPlatforms) = postSolution
		{FCB0FD7C-4D0C-40B5-A4E5-445C04E3C245}.Debug|Any CPU.ActiveCfg = Debug|Any CPU
		{FCB0FD7C-4D0C-40B5-A4E5-445C04E3C245}.Debug|Any CPU.Build.0 = Debug|Any CPU
		{FCB0FD7C-4D0C-40B5-A4E5-445C04E3C245}.Release|Any CPU.ActiveCfg = Release|Any CPU
		{FCB0FD7C-4D0C-40B5-A4E5-445C04E3C245}.Release|Any CPU.Build.0 = Release|Any CPU
	EndGlobalSection
	GlobalSection(SolutionProperties) = preSolution
		HideSolutionNode = FALSE
	EndGlobalSection
	GlobalSection(ExtensibilityGlobals) = postSolution
		SolutionGuid = {446F43BC-AA9A-4857-B13E-79A844A160B9}
	EndGlobalSection
EndGlobal
